// !$*UTF8*$!
{
	archiveVersion = 1;
	classes = {
	};
	objectVersion = 46;
	objects = {

/* Begin PBXBuildFile section */
		6540707A1D3495FE007F9969 /* sys.cpp in Sources */ = {isa = PBXBuildFile; fileRef = 654070781D3495FE007F9969 /* sys.cpp */; };
		6540707E1D34AE06007F9969 /* scheduler.cpp in Sources */ = {isa = PBXBuildFile; fileRef = 6540707C1D34AE06007F9969 /* scheduler.cpp */; };
		658298CE1D333D260028191E /* tasks.cpp in Sources */ = {isa = PBXBuildFile; fileRef = 658298CC1D3335E00028191E /* tasks.cpp */; };
		659975BB1D3334EC0029DEC8 /* ahrs.cpp in Sources */ = {isa = PBXBuildFile; fileRef = 659975A41D3334EC0029DEC8 /* ahrs.cpp */; };
		659975BC1D3334EC0029DEC8 /* baro.cpp in Sources */ = {isa = PBXBuildFile; fileRef = 659975A61D3334EC0029DEC8 /* baro.cpp */; };
		659975BD1D3334EC0029DEC8 /* comp.cpp in Sources */ = {isa = PBXBuildFile; fileRef = 659975A81D3334EC0029DEC8 /* comp.cpp */; };
		659975BE1D3334EC0029DEC8 /* gps.cpp in Sources */ = {isa = PBXBuildFile; fileRef = 659975AC1D3334EC0029DEC8 /* gps.cpp */; };
		659975BF1D3334EC0029DEC8 /* lidar.cpp in Sources */ = {isa = PBXBuildFile; fileRef = 659975AE1D3334EC0029DEC8 /* lidar.cpp */; };
		659975C01D3334EC0029DEC8 /* math.cpp in Sources */ = {isa = PBXBuildFile; fileRef = 659975B01D3334EC0029DEC8 /* math.cpp */; };
		659975C11D3334EC0029DEC8 /* motors.cpp in Sources */ = {isa = PBXBuildFile; fileRef = 659975B21D3334EC0029DEC8 /* motors.cpp */; };
		659975C21D3334EC0029DEC8 /* nmea.cpp in Sources */ = {isa = PBXBuildFile; fileRef = 659975B41D3334EC0029DEC8 /* nmea.cpp */; };
		659975C31D3334EC0029DEC8 /* pid.cpp in Sources */ = {isa = PBXBuildFile; fileRef = 659975B71D3334EC0029DEC8 /* pid.cpp */; };
		659975C41D3334EC0029DEC8 /* remote.cpp in Sources */ = {isa = PBXBuildFile; fileRef = 659975B91D3334EC0029DEC8 /* remote.cpp */; };
/* End PBXBuildFile section */

/* Begin PBXCopyFilesBuildPhase section */
		659975981D3334440029DEC8 /* CopyFiles */ = {
			isa = PBXCopyFilesBuildPhase;
			buildActionMask = 2147483647;
			dstPath = /usr/share/man/man1/;
			dstSubfolderSpec = 0;
			files = (
			);
			runOnlyForDeploymentPostprocessing = 1;
		};
/* End PBXCopyFilesBuildPhase section */

/* Begin PBXFileReference section */
		654070781D3495FE007F9969 /* sys.cpp */ = {isa = PBXFileReference; fileEncoding = 4; lastKnownFileType = sourcecode.cpp.cpp; path = sys.cpp; sourceTree = "<group>"; };
		654070791D3495FE007F9969 /* sys.h */ = {isa = PBXFileReference; fileEncoding = 4; lastKnownFileType = sourcecode.c.h; path = sys.h; sourceTree = "<group>"; };
		6540707C1D34AE06007F9969 /* scheduler.cpp */ = {isa = PBXFileReference; fileEncoding = 4; lastKnownFileType = sourcecode.cpp.cpp; path = scheduler.cpp; sourceTree = "<group>"; };
		6540707D1D34AE06007F9969 /* scheduler.h */ = {isa = PBXFileReference; fileEncoding = 4; lastKnownFileType = sourcecode.c.h; path = scheduler.h; sourceTree = "<group>"; };
		658298CC1D3335E00028191E /* tasks.cpp */ = {isa = PBXFileReference; fileEncoding = 4; lastKnownFileType = sourcecode.cpp.cpp; lineEnding = 2; path = tasks.cpp; sourceTree = "<group>"; };
		658298CD1D3335E00028191E /* tasks.h */ = {isa = PBXFileReference; fileEncoding = 4; lastKnownFileType = sourcecode.c.h; lineEnding = 2; path = tasks.h; sourceTree = "<group>"; };
		659273051D33633B00FDA021 /* vars.h */ = {isa = PBXFileReference; lastKnownFileType = sourcecode.c.h; path = vars.h; sourceTree = "<group>"; };
		6599759A1D3334440029DEC8 /* intellipilot */ = {isa = PBXFileReference; explicitFileType = "compiled.mach-o.executable"; includeInIndex = 0; path = intellipilot; sourceTree = BUILT_PRODUCTS_DIR; };
		659975A41D3334EC0029DEC8 /* ahrs.cpp */ = {isa = PBXFileReference; fileEncoding = 4; lastKnownFileType = sourcecode.cpp.cpp; path = ahrs.cpp; sourceTree = "<group>"; };
		659975A51D3334EC0029DEC8 /* ahrs.h */ = {isa = PBXFileReference; fileEncoding = 4; lastKnownFileType = sourcecode.c.h; path = ahrs.h; sourceTree = "<group>"; };
		659975A61D3334EC0029DEC8 /* baro.cpp */ = {isa = PBXFileReference; fileEncoding = 4; lastKnownFileType = sourcecode.cpp.cpp; path = baro.cpp; sourceTree = "<group>"; };
		659975A71D3334EC0029DEC8 /* baro.h */ = {isa = PBXFileReference; fileEncoding = 4; lastKnownFileType = sourcecode.c.h; path = baro.h; sourceTree = "<group>"; };
		659975A81D3334EC0029DEC8 /* comp.cpp */ = {isa = PBXFileReference; fileEncoding = 4; lastKnownFileType = sourcecode.cpp.cpp; path = comp.cpp; sourceTree = "<group>"; };
		659975A91D3334EC0029DEC8 /* comp.h */ = {isa = PBXFileReference; fileEncoding = 4; lastKnownFileType = sourcecode.c.h; path = comp.h; sourceTree = "<group>"; };
		659975AA1D3334EC0029DEC8 /* config.h */ = {isa = PBXFileReference; fileEncoding = 4; lastKnownFileType = sourcecode.c.h; path = config.h; sourceTree = "<group>"; };
		659975AB1D3334EC0029DEC8 /* gains.h */ = {isa = PBXFileReference; fileEncoding = 4; lastKnownFileType = sourcecode.c.h; path = gains.h; sourceTree = "<group>"; };
		659975AC1D3334EC0029DEC8 /* gps.cpp */ = {isa = PBXFileReference; fileEncoding = 4; lastKnownFileType = sourcecode.cpp.cpp; path = gps.cpp; sourceTree = "<group>"; };
		659975AD1D3334EC0029DEC8 /* gps.h */ = {isa = PBXFileReference; fileEncoding = 4; lastKnownFileType = sourcecode.c.h; path = gps.h; sourceTree = "<group>"; };
		659975AE1D3334EC0029DEC8 /* lidar.cpp */ = {isa = PBXFileReference; fileEncoding = 4; lastKnownFileType = sourcecode.cpp.cpp; path = lidar.cpp; sourceTree = "<group>"; };
		659975AF1D3334EC0029DEC8 /* lidar.h */ = {isa = PBXFileReference; fileEncoding = 4; lastKnownFileType = sourcecode.c.h; path = lidar.h; sourceTree = "<group>"; };
		659975B01D3334EC0029DEC8 /* math.cpp */ = {isa = PBXFileReference; fileEncoding = 4; lastKnownFileType = sourcecode.cpp.cpp; path = math.cpp; sourceTree = "<group>"; };
		659975B11D3334EC0029DEC8 /* math.h */ = {isa = PBXFileReference; fileEncoding = 4; lastKnownFileType = sourcecode.c.h; path = math.h; sourceTree = "<group>"; };
		659975B21D3334EC0029DEC8 /* motors.cpp */ = {isa = PBXFileReference; fileEncoding = 4; lastKnownFileType = sourcecode.cpp.cpp; path = motors.cpp; sourceTree = "<group>"; };
		659975B31D3334EC0029DEC8 /* motors.h */ = {isa = PBXFileReference; fileEncoding = 4; lastKnownFileType = sourcecode.c.h; path = motors.h; sourceTree = "<group>"; };
		659975B41D3334EC0029DEC8 /* nmea.cpp */ = {isa = PBXFileReference; fileEncoding = 4; lastKnownFileType = sourcecode.cpp.cpp; path = nmea.cpp; sourceTree = "<group>"; };
		659975B51D3334EC0029DEC8 /* nmea.h */ = {isa = PBXFileReference; fileEncoding = 4; lastKnownFileType = sourcecode.c.h; path = nmea.h; sourceTree = "<group>"; };
		659975B61D3334EC0029DEC8 /* params.h */ = {isa = PBXFileReference; fileEncoding = 4; lastKnownFileType = sourcecode.c.h; path = params.h; sourceTree = "<group>"; };
		659975B71D3334EC0029DEC8 /* pid.cpp */ = {isa = PBXFileReference; fileEncoding = 4; lastKnownFileType = sourcecode.cpp.cpp; path = pid.cpp; sourceTree = "<group>"; };
		659975B81D3334EC0029DEC8 /* pid.h */ = {isa = PBXFileReference; fileEncoding = 4; lastKnownFileType = sourcecode.c.h; path = pid.h; sourceTree = "<group>"; };
		659975B91D3334EC0029DEC8 /* remote.cpp */ = {isa = PBXFileReference; fileEncoding = 4; lastKnownFileType = sourcecode.cpp.cpp; path = remote.cpp; sourceTree = "<group>"; };
		659975BA1D3334EC0029DEC8 /* remote.h */ = {isa = PBXFileReference; fileEncoding = 4; lastKnownFileType = sourcecode.c.h; path = remote.h; sourceTree = "<group>"; };
/* End PBXFileReference section */

/* Begin PBXFrameworksBuildPhase section */
		659975971D3334440029DEC8 /* Frameworks */ = {
			isa = PBXFrameworksBuildPhase;
			buildActionMask = 2147483647;
			files = (
			);
			runOnlyForDeploymentPostprocessing = 0;
		};
/* End PBXFrameworksBuildPhase section */

/* Begin PBXGroup section */
		659975911D3334440029DEC8 = {
			isa = PBXGroup;
			children = (
				6599759C1D3334440029DEC8 /* intellipilot */,
				6599759B1D3334440029DEC8 /* Products */,
			);
			sourceTree = "<group>";
		};
		6599759B1D3334440029DEC8 /* Products */ = {
			isa = PBXGroup;
			children = (
				6599759A1D3334440029DEC8 /* intellipilot */,
			);
			name = Products;
			sourceTree = "<group>";
		};
		6599759C1D3334440029DEC8 /* intellipilot */ = {
			isa = PBXGroup;
			children = (
				659975A41D3334EC0029DEC8 /* ahrs.cpp */,
				659975A51D3334EC0029DEC8 /* ahrs.h */,
				659975A61D3334EC0029DEC8 /* baro.cpp */,
				659975A71D3334EC0029DEC8 /* baro.h */,
				659975A81D3334EC0029DEC8 /* comp.cpp */,
				659975A91D3334EC0029DEC8 /* comp.h */,
				659975AA1D3334EC0029DEC8 /* config.h */,
				659975AB1D3334EC0029DEC8 /* gains.h */,
				659975AC1D3334EC0029DEC8 /* gps.cpp */,
				659975AD1D3334EC0029DEC8 /* gps.h */,
				659975AE1D3334EC0029DEC8 /* lidar.cpp */,
				659975AF1D3334EC0029DEC8 /* lidar.h */,
				659975B01D3334EC0029DEC8 /* math.cpp */,
				659975B11D3334EC0029DEC8 /* math.h */,
				659975B21D3334EC0029DEC8 /* motors.cpp */,
				659975B31D3334EC0029DEC8 /* motors.h */,
				659975B41D3334EC0029DEC8 /* nmea.cpp */,
				659975B51D3334EC0029DEC8 /* nmea.h */,
				659975B61D3334EC0029DEC8 /* params.h */,
				659975B71D3334EC0029DEC8 /* pid.cpp */,
				659975B81D3334EC0029DEC8 /* pid.h */,
				659975B91D3334EC0029DEC8 /* remote.cpp */,
				659975BA1D3334EC0029DEC8 /* remote.h */,
				658298CC1D3335E00028191E /* tasks.cpp */,
				658298CD1D3335E00028191E /* tasks.h */,
				659273051D33633B00FDA021 /* vars.h */,
				654070781D3495FE007F9969 /* sys.cpp */,
				654070791D3495FE007F9969 /* sys.h */,
				6540707C1D34AE06007F9969 /* scheduler.cpp */,
				6540707D1D34AE06007F9969 /* scheduler.h */,
			);
			path = intellipilot;
			sourceTree = "<group>";
		};
/* End PBXGroup section */

/* Begin PBXNativeTarget section */
		659975991D3334440029DEC8 /* intellipilot */ = {
			isa = PBXNativeTarget;
			buildConfigurationList = 659975A11D3334440029DEC8 /* Build configuration list for PBXNativeTarget "intellipilot" */;
			buildPhases = (
				659975961D3334440029DEC8 /* Sources */,
				659975971D3334440029DEC8 /* Frameworks */,
				659975981D3334440029DEC8 /* CopyFiles */,
			);
			buildRules = (
			);
			dependencies = (
			);
			name = intellipilot;
			productName = intellipilot;
			productReference = 6599759A1D3334440029DEC8 /* intellipilot */;
			productType = "com.apple.product-type.tool";
		};
/* End PBXNativeTarget section */

/* Begin PBXProject section */
		659975921D3334440029DEC8 /* Project object */ = {
			isa = PBXProject;
			attributes = {
				LastUpgradeCheck = 0730;
				ORGANIZATIONNAME = dronix.kr;
				TargetAttributes = {
					659975991D3334440029DEC8 = {
						CreatedOnToolsVersion = 7.3.1;
					};
				};
			};
			buildConfigurationList = 659975951D3334440029DEC8 /* Build configuration list for PBXProject "intellipilot" */;
			compatibilityVersion = "Xcode 3.2";
			developmentRegion = English;
			hasScannedForEncodings = 0;
			knownRegions = (
				en,
			);
			mainGroup = 659975911D3334440029DEC8;
			productRefGroup = 6599759B1D3334440029DEC8 /* Products */;
			projectDirPath = "";
			projectRoot = "";
			targets = (
				659975991D3334440029DEC8 /* intellipilot */,
			);
		};
/* End PBXProject section */

/* Begin PBXSourcesBuildPhase section */
		659975961D3334440029DEC8 /* Sources */ = {
			isa = PBXSourcesBuildPhase;
			buildActionMask = 2147483647;
			files = (
				659975BD1D3334EC0029DEC8 /* comp.cpp in Sources */,
				659975C21D3334EC0029DEC8 /* nmea.cpp in Sources */,
				659975BF1D3334EC0029DEC8 /* lidar.cpp in Sources */,
				6540707A1D3495FE007F9969 /* sys.cpp in Sources */,
				659975BB1D3334EC0029DEC8 /* ahrs.cpp in Sources */,
				659975C01D3334EC0029DEC8 /* math.cpp in Sources */,
				659975C41D3334EC0029DEC8 /* remote.cpp in Sources */,
				6540707E1D34AE06007F9969 /* scheduler.cpp in Sources */,
				659975BC1D3334EC0029DEC8 /* baro.cpp in Sources */,
				658298CE1D333D260028191E /* tasks.cpp in Sources */,
				659975C31D3334EC0029DEC8 /* pid.cpp in Sources */,
				659975BE1D3334EC0029DEC8 /* gps.cpp in Sources */,
				659975C11D3334EC0029DEC8 /* motors.cpp in Sources */,
			);
			runOnlyForDeploymentPostprocessing = 0;
		};
/* End PBXSourcesBuildPhase section */

/* Begin XCBuildConfiguration section */
		6599759F1D3334440029DEC8 /* Debug */ = {
			isa = XCBuildConfiguration;
			buildSettings = {
				ALWAYS_SEARCH_USER_PATHS = NO;
				CLANG_ANALYZER_NONNULL = YES;
				CLANG_CXX_LANGUAGE_STANDARD = "gnu++0x";
				CLANG_CXX_LIBRARY = "libc++";
				CLANG_ENABLE_MODULES = YES;
				CLANG_ENABLE_OBJC_ARC = YES;
				CLANG_WARN_BOOL_CONVERSION = YES;
				CLANG_WARN_CONSTANT_CONVERSION = YES;
				CLANG_WARN_DIRECT_OBJC_ISA_USAGE = YES_ERROR;
				CLANG_WARN_EMPTY_BODY = YES;
				CLANG_WARN_ENUM_CONVERSION = YES;
				CLANG_WARN_INT_CONVERSION = YES;
				CLANG_WARN_OBJC_ROOT_CLASS = YES_ERROR;
				CLANG_WARN_UNREACHABLE_CODE = YES;
				CLANG_WARN__DUPLICATE_METHOD_MATCH = YES;
				CODE_SIGN_IDENTITY = "-";
				COPY_PHASE_STRIP = NO;
				DEBUG_INFORMATION_FORMAT = dwarf;
				ENABLE_STRICT_OBJC_MSGSEND = YES;
				ENABLE_TESTABILITY = YES;
				GCC_C_LANGUAGE_STANDARD = gnu99;
				GCC_DYNAMIC_NO_PIC = NO;
				GCC_NO_COMMON_BLOCKS = YES;
				GCC_OPTIMIZATION_LEVEL = 0;
				GCC_PREPROCESSOR_DEFINITIONS = (
					"DEBUG=1",
					"$(inherited)",
				);
				GCC_WARN_64_TO_32_BIT_CONVERSION = YES;
				GCC_WARN_ABOUT_RETURN_TYPE = YES_ERROR;
				GCC_WARN_UNDECLARED_SELECTOR = YES;
				GCC_WARN_UNINITIALIZED_AUTOS = YES_AGGRESSIVE;
				GCC_WARN_UNUSED_FUNCTION = YES;
				GCC_WARN_UNUSED_VARIABLE = YES;
				MACOSX_DEPLOYMENT_TARGET = 10.11;
				MTL_ENABLE_DEBUG_INFO = YES;
				ONLY_ACTIVE_ARCH = YES;
				SDKROOT = macosx;
			};
			name = Debug;
		};
		659975A01D3334440029DEC8 /* Release */ = {
			isa = XCBuildConfiguration;
			buildSettings = {
				ALWAYS_SEARCH_USER_PATHS = NO;
				CLANG_ANALYZER_NONNULL = YES;
				CLANG_CXX_LANGUAGE_STANDARD = "gnu++0x";
				CLANG_CXX_LIBRARY = "libc++";
				CLANG_ENABLE_MODULES = YES;
				CLANG_ENABLE_OBJC_ARC = YES;
				CLANG_WARN_BOOL_CONVERSION = YES;
				CLANG_WARN_CONSTANT_CONVERSION = YES;
				CLANG_WARN_DIRECT_OBJC_ISA_USAGE = YES_ERROR;
				CLANG_WARN_EMPTY_BODY = YES;
				CLANG_WARN_ENUM_CONVERSION = YES;
				CLANG_WARN_INT_CONVERSION = YES;
				CLANG_WARN_OBJC_ROOT_CLASS = YES_ERROR;
				CLANG_WARN_UNREACHABLE_CODE = YES;
				CLANG_WARN__DUPLICATE_METHOD_MATCH = YES;
				CODE_SIGN_IDENTITY = "-";
				COPY_PHASE_STRIP = NO;
				DEBUG_INFORMATION_FORMAT = "dwarf-with-dsym";
				ENABLE_NS_ASSERTIONS = NO;
				ENABLE_STRICT_OBJC_MSGSEND = YES;
				GCC_C_LANGUAGE_STANDARD = gnu99;
				GCC_NO_COMMON_BLOCKS = YES;
				GCC_WARN_64_TO_32_BIT_CONVERSION = YES;
				GCC_WARN_ABOUT_RETURN_TYPE = YES_ERROR;
				GCC_WARN_UNDECLARED_SELECTOR = YES;
				GCC_WARN_UNINITIALIZED_AUTOS = YES_AGGRESSIVE;
				GCC_WARN_UNUSED_FUNCTION = YES;
				GCC_WARN_UNUSED_VARIABLE = YES;
				MACOSX_DEPLOYMENT_TARGET = 10.11;
				MTL_ENABLE_DEBUG_INFO = NO;
				SDKROOT = macosx;
			};
			name = Release;
		};
		659975A21D3334440029DEC8 /* Debug */ = {
			isa = XCBuildConfiguration;
			buildSettings = {
				PRODUCT_NAME = "$(TARGET_NAME)";
			};
			name = Debug;
		};
		659975A31D3334440029DEC8 /* Release */ = {
			isa = XCBuildConfiguration;
			buildSettings = {
				PRODUCT_NAME = "$(TARGET_NAME)";
			};
			name = Release;
		};
/* End XCBuildConfiguration section */

/* Begin XCConfigurationList section */
		659975951D3334440029DEC8 /* Build configuration list for PBXProject "intellipilot" */ = {
			isa = XCConfigurationList;
			buildConfigurations = (
				6599759F1D3334440029DEC8 /* Debug */,
				659975A01D3334440029DEC8 /* Release */,
			);
			defaultConfigurationIsVisible = 0;
			defaultConfigurationName = Release;
		};
		659975A11D3334440029DEC8 /* Build configuration list for PBXNativeTarget "intellipilot" */ = {
			isa = XCConfigurationList;
			buildConfigurations = (
				659975A21D3334440029DEC8 /* Debug */,
				659975A31D3334440029DEC8 /* Release */,
			);
			defaultConfigurationIsVisible = 0;
			defaultConfigurationName = Release;
		};
/* End XCConfigurationList section */
	};
	rootObject = 659975921D3334440029DEC8 /* Project object */;
}
